
Microsoft Visual Studio Solution File, Format Version 12.00
# Visual Studio Version 16
VisualStudioVersion = 16.0.29418.71
MinimumVisualStudioVersion = 10.0.40219.1
Project("{2150E333-8FDC-42A3-9474-1A3956D46DE8}") = "Src", "Src", "{6B87C53C-32D6-4391-8F50-B3C13BCBAFB5}"
EndProject
Project("{9A19103F-16F7-4668-BE54-9A1E7A4F7556}") = "TrackYourTrip.Core", "TrackYourTrip\TrackYourTrip.Core\TrackYourTrip.Core.csproj", "{A1F89B44-C7CE-4070-B336-23697D740685}"
EndProject
Project("{FAE04EC0-301F-11D3-BF4B-00C04F79EFBC}") = "TrackYourTrip.Droid", "TrackYourTrip\TrackYourTrip.Droid\TrackYourTrip.Droid.csproj", "{5AE9ED8E-68AD-42D1-9905-3E053DCB5275}"
EndProject
Project("{FAE04EC0-301F-11D3-BF4B-00C04F79EFBC}") = "TrackYourTrip.iOS", "TrackYourTrip\TrackYourTrip.iOS\TrackYourTrip.iOS.csproj", "{44A79C6F-33E4-40A9-8839-06F1E48F2909}"
EndProject
Project("{2150E333-8FDC-42A3-9474-1A3956D46DE8}") = "Tests", "Tests", "{4089EE47-B941-452B-B506-B431DD8B5AF1}"
EndProject
Project("{FAE04EC0-301F-11D3-BF4B-00C04F79EFBC}") = "TrackYourTrip.UnitTests", "TrackYourTrip\TrackYourTrip.UnitTests\TrackYourTrip.UnitTests.csproj", "{10F38AA0-F686-4093-B7AF-BCF5EDDAA324}"
EndProject
Project("{9A19103F-16F7-4668-BE54-9A1E7A4F7556}") = "Database", "DatabaseMigration\Database.csproj", "{7C3C29E5-1B80-404D-8405-EFCCBB233D31}"
EndProject
Project("{2150E333-8FDC-42A3-9474-1A3956D46DE8}") = "DB", "DB", "{E3A95A74-F982-42B8-A363-75B54EE4B8E1}"
EndProject
Project("{9A19103F-16F7-4668-BE54-9A1E7A4F7556}") = "Database.UnitTests", "Database.UnitTests\Database.UnitTests.csproj", "{8D39B195-1196-49F5-9092-B6B3FAE38935}"
EndProject
Project("{FAE04EC0-301F-11D3-BF4B-00C04F79EFBC}") = "Android.UnitTests", "Android.UnitTests\Android.UnitTests.csproj", "{0ABCFAA0-D7F6-4309-A23D-07F611ADD1DC}"
EndProject
Global
	GlobalSection(SolutionConfigurationPlatforms) = preSolution
		Ad-Hoc|Any CPU = Ad-Hoc|Any CPU
		Ad-Hoc|iPhone = Ad-Hoc|iPhone
		Ad-Hoc|iPhoneSimulator = Ad-Hoc|iPhoneSimulator
		AppStore|Any CPU = AppStore|Any CPU
		AppStore|iPhone = AppStore|iPhone
		AppStore|iPhoneSimulator = AppStore|iPhoneSimulator
		Debug|Any CPU = Debug|Any CPU
		Debug|iPhone = Debug|iPhone
		Debug|iPhoneSimulator = Debug|iPhoneSimulator
		Release|Any CPU = Release|Any CPU
		Release|iPhone = Release|iPhone
		Release|iPhoneSimulator = Release|iPhoneSimulator
	EndGlobalSection
	GlobalSection(ProjectConfigurationPlatforms) = postSolution
		{A1F89B44-C7CE-4070-B336-23697D740685}.Ad-Hoc|Any CPU.ActiveCfg = Debug|Any CPU
		{A1F89B44-C7CE-4070-B336-23697D740685}.Ad-Hoc|Any CPU.Build.0 = Debug|Any CPU
		{A1F89B44-C7CE-4070-B336-23697D740685}.Ad-Hoc|iPhone.ActiveCfg = Debug|Any CPU
		{A1F89B44-C7CE-4070-B336-23697D740685}.Ad-Hoc|iPhone.Build.0 = Debug|Any CPU
		{A1F89B44-C7CE-4070-B336-23697D740685}.Ad-Hoc|iPhoneSimulator.ActiveCfg = Debug|Any CPU
		{A1F89B44-C7CE-4070-B336-23697D740685}.Ad-Hoc|iPhoneSimulator.Build.0 = Debug|Any CPU
		{A1F89B44-C7CE-4070-B336-23697D740685}.AppStore|Any CPU.ActiveCfg = Debug|Any CPU
		{A1F89B44-C7CE-4070-B336-23697D740685}.AppStore|Any CPU.Build.0 = Debug|Any CPU
		{A1F89B44-C7CE-4070-B336-23697D740685}.AppStore|iPhone.ActiveCfg = Debug|Any CPU
		{A1F89B44-C7CE-4070-B336-23697D740685}.AppStore|iPhone.Build.0 = Debug|Any CPU
		{A1F89B44-C7CE-4070-B336-23697D740685}.AppStore|iPhoneSimulator.ActiveCfg = Debug|Any CPU
		{A1F89B44-C7CE-4070-B336-23697D740685}.AppStore|iPhoneSimulator.Build.0 = Debug|Any CPU
		{A1F89B44-C7CE-4070-B336-23697D740685}.Debug|Any CPU.ActiveCfg = Debug|Any CPU
		{A1F89B44-C7CE-4070-B336-23697D740685}.Debug|Any CPU.Build.0 = Debug|Any CPU
		{A1F89B44-C7CE-4070-B336-23697D740685}.Debug|iPhone.ActiveCfg = Debug|Any CPU
		{A1F89B44-C7CE-4070-B336-23697D740685}.Debug|iPhone.Build.0 = Debug|Any CPU
		{A1F89B44-C7CE-4070-B336-23697D740685}.Debug|iPhoneSimulator.ActiveCfg = Debug|Any CPU
		{A1F89B44-C7CE-4070-B336-23697D740685}.Debug|iPhoneSimulator.Build.0 = Debug|Any CPU
		{A1F89B44-C7CE-4070-B336-23697D740685}.Release|Any CPU.ActiveCfg = Release|Any CPU
		{A1F89B44-C7CE-4070-B336-23697D740685}.Release|Any CPU.Build.0 = Release|Any CPU
		{A1F89B44-C7CE-4070-B336-23697D740685}.Release|iPhone.ActiveCfg = Release|Any CPU
		{A1F89B44-C7CE-4070-B336-23697D740685}.Release|iPhone.Build.0 = Release|Any CPU
		{A1F89B44-C7CE-4070-B336-23697D740685}.Release|iPhoneSimulator.ActiveCfg = Release|Any CPU
		{A1F89B44-C7CE-4070-B336-23697D740685}.Release|iPhoneSimulator.Build.0 = Release|Any CPU
		{5AE9ED8E-68AD-42D1-9905-3E053DCB5275}.Ad-Hoc|Any CPU.ActiveCfg = Release|Any CPU
		{5AE9ED8E-68AD-42D1-9905-3E053DCB5275}.Ad-Hoc|Any CPU.Build.0 = Release|Any CPU
		{5AE9ED8E-68AD-42D1-9905-3E053DCB5275}.Ad-Hoc|Any CPU.Deploy.0 = Release|Any CPU
		{5AE9ED8E-68AD-42D1-9905-3E053DCB5275}.Ad-Hoc|iPhone.ActiveCfg = Release|Any CPU
		{5AE9ED8E-68AD-42D1-9905-3E053DCB5275}.Ad-Hoc|iPhone.Build.0 = Release|Any CPU
		{5AE9ED8E-68AD-42D1-9905-3E053DCB5275}.Ad-Hoc|iPhone.Deploy.0 = Release|Any CPU
		{5AE9ED8E-68AD-42D1-9905-3E053DCB5275}.Ad-Hoc|iPhoneSimulator.ActiveCfg = Release|Any CPU
		{5AE9ED8E-68AD-42D1-9905-3E053DCB5275}.Ad-Hoc|iPhoneSimulator.Build.0 = Release|Any CPU
		{5AE9ED8E-68AD-42D1-9905-3E053DCB5275}.Ad-Hoc|iPhoneSimulator.Deploy.0 = Release|Any CPU
		{5AE9ED8E-68AD-42D1-9905-3E053DCB5275}.AppStore|Any CPU.ActiveCfg = Release|Any CPU
		{5AE9ED8E-68AD-42D1-9905-3E053DCB5275}.AppStore|Any CPU.Build.0 = Release|Any CPU
		{5AE9ED8E-68AD-42D1-9905-3E053DCB5275}.AppStore|Any CPU.Deploy.0 = Release|Any CPU
		{5AE9ED8E-68AD-42D1-9905-3E053DCB5275}.AppStore|iPhone.ActiveCfg = Release|Any CPU
		{5AE9ED8E-68AD-42D1-9905-3E053DCB5275}.AppStore|iPhone.Build.0 = Release|Any CPU
		{5AE9ED8E-68AD-42D1-9905-3E053DCB5275}.AppStore|iPhone.Deploy.0 = Release|Any CPU
		{5AE9ED8E-68AD-42D1-9905-3E053DCB5275}.AppStore|iPhoneSimulator.ActiveCfg = Release|Any CPU
		{5AE9ED8E-68AD-42D1-9905-3E053DCB5275}.AppStore|iPhoneSimulator.Build.0 = Release|Any CPU
		{5AE9ED8E-68AD-42D1-9905-3E053DCB5275}.AppStore|iPhoneSimulator.Deploy.0 = Release|Any CPU
		{5AE9ED8E-68AD-42D1-9905-3E053DCB5275}.Debug|Any CPU.ActiveCfg = Debug|Any CPU
		{5AE9ED8E-68AD-42D1-9905-3E053DCB5275}.Debug|Any CPU.Build.0 = Debug|Any CPU
		{5AE9ED8E-68AD-42D1-9905-3E053DCB5275}.Debug|Any CPU.Deploy.0 = Debug|Any CPU
		{5AE9ED8E-68AD-42D1-9905-3E053DCB5275}.Debug|iPhone.ActiveCfg = Debug|Any CPU
		{5AE9ED8E-68AD-42D1-9905-3E053DCB5275}.Debug|iPhone.Build.0 = Debug|Any CPU
		{5AE9ED8E-68AD-42D1-9905-3E053DCB5275}.Debug|iPhone.Deploy.0 = Debug|Any CPU
		{5AE9ED8E-68AD-42D1-9905-3E053DCB5275}.Debug|iPhoneSimulator.ActiveCfg = Debug|Any CPU
		{5AE9ED8E-68AD-42D1-9905-3E053DCB5275}.Debug|iPhoneSimulator.Build.0 = Debug|Any CPU
		{5AE9ED8E-68AD-42D1-9905-3E053DCB5275}.Debug|iPhoneSimulator.Deploy.0 = Debug|Any CPU
		{5AE9ED8E-68AD-42D1-9905-3E053DCB5275}.Release|Any CPU.ActiveCfg = Release|Any CPU
		{5AE9ED8E-68AD-42D1-9905-3E053DCB5275}.Release|Any CPU.Build.0 = Release|Any CPU
		{5AE9ED8E-68AD-42D1-9905-3E053DCB5275}.Release|Any CPU.Deploy.0 = Release|Any CPU
		{5AE9ED8E-68AD-42D1-9905-3E053DCB5275}.Release|iPhone.ActiveCfg = Release|Any CPU
		{5AE9ED8E-68AD-42D1-9905-3E053DCB5275}.Release|iPhone.Build.0 = Release|Any CPU
		{5AE9ED8E-68AD-42D1-9905-3E053DCB5275}.Release|iPhone.Deploy.0 = Release|Any CPU
		{5AE9ED8E-68AD-42D1-9905-3E053DCB5275}.Release|iPhoneSimulator.ActiveCfg = Release|Any CPU
		{5AE9ED8E-68AD-42D1-9905-3E053DCB5275}.Release|iPhoneSimulator.Build.0 = Release|Any CPU
		{5AE9ED8E-68AD-42D1-9905-3E053DCB5275}.Release|iPhoneSimulator.Deploy.0 = Release|Any CPU
		{44A79C6F-33E4-40A9-8839-06F1E48F2909}.Ad-Hoc|Any CPU.ActiveCfg = Ad-Hoc|iPhone
		{44A79C6F-33E4-40A9-8839-06F1E48F2909}.Ad-Hoc|iPhone.ActiveCfg = Ad-Hoc|iPhone
		{44A79C6F-33E4-40A9-8839-06F1E48F2909}.Ad-Hoc|iPhone.Build.0 = Ad-Hoc|iPhone
		{44A79C6F-33E4-40A9-8839-06F1E48F2909}.Ad-Hoc|iPhoneSimulator.ActiveCfg = Ad-Hoc|iPhoneSimulator
		{44A79C6F-33E4-40A9-8839-06F1E48F2909}.Ad-Hoc|iPhoneSimulator.Build.0 = Ad-Hoc|iPhoneSimulator
		{44A79C6F-33E4-40A9-8839-06F1E48F2909}.AppStore|Any CPU.ActiveCfg = AppStore|iPhone
		{44A79C6F-33E4-40A9-8839-06F1E48F2909}.AppStore|iPhone.ActiveCfg = AppStore|iPhone
		{44A79C6F-33E4-40A9-8839-06F1E48F2909}.AppStore|iPhone.Build.0 = AppStore|iPhone
		{44A79C6F-33E4-40A9-8839-06F1E48F2909}.AppStore|iPhoneSimulator.ActiveCfg = AppStore|iPhoneSimulator
		{44A79C6F-33E4-40A9-8839-06F1E48F2909}.AppStore|iPhoneSimulator.Build.0 = AppStore|iPhoneSimulator
		{44A79C6F-33E4-40A9-8839-06F1E48F2909}.Debug|Any CPU.ActiveCfg = Debug|iPhone
		{44A79C6F-33E4-40A9-8839-06F1E48F2909}.Debug|iPhone.ActiveCfg = Debug|iPhone
		{44A79C6F-33E4-40A9-8839-06F1E48F2909}.Debug|iPhone.Build.0 = Debug|iPhone
		{44A79C6F-33E4-40A9-8839-06F1E48F2909}.Debug|iPhoneSimulator.ActiveCfg = Debug|iPhoneSimulator
		{44A79C6F-33E4-40A9-8839-06F1E48F2909}.Debug|iPhoneSimulator.Build.0 = Debug|iPhoneSimulator
		{44A79C6F-33E4-40A9-8839-06F1E48F2909}.Release|Any CPU.ActiveCfg = Release|iPhone
		{44A79C6F-33E4-40A9-8839-06F1E48F2909}.Release|iPhone.ActiveCfg = Release|iPhone
		{44A79C6F-33E4-40A9-8839-06F1E48F2909}.Release|iPhone.Build.0 = Release|iPhone
		{44A79C6F-33E4-40A9-8839-06F1E48F2909}.Release|iPhoneSimulator.ActiveCfg = Release|iPhoneSimulator
		{44A79C6F-33E4-40A9-8839-06F1E48F2909}.Release|iPhoneSimulator.Build.0 = Release|iPhoneSimulator
		{10F38AA0-F686-4093-B7AF-BCF5EDDAA324}.Ad-Hoc|Any CPU.ActiveCfg = Release|Any CPU
		{10F38AA0-F686-4093-B7AF-BCF5EDDAA324}.Ad-Hoc|Any CPU.Build.0 = Release|Any CPU
		{10F38AA0-F686-4093-B7AF-BCF5EDDAA324}.Ad-Hoc|iPhone.ActiveCfg = Release|Any CPU
		{10F38AA0-F686-4093-B7AF-BCF5EDDAA324}.Ad-Hoc|iPhone.Build.0 = Release|Any CPU
		{10F38AA0-F686-4093-B7AF-BCF5EDDAA324}.Ad-Hoc|iPhoneSimulator.ActiveCfg = Release|Any CPU
		{10F38AA0-F686-4093-B7AF-BCF5EDDAA324}.Ad-Hoc|iPhoneSimulator.Build.0 = Release|Any CPU
		{10F38AA0-F686-4093-B7AF-BCF5EDDAA324}.AppStore|Any CPU.ActiveCfg = Release|Any CPU
		{10F38AA0-F686-4093-B7AF-BCF5EDDAA324}.AppStore|Any CPU.Build.0 = Release|Any CPU
		{10F38AA0-F686-4093-B7AF-BCF5EDDAA324}.AppStore|iPhone.ActiveCfg = Release|Any CPU
		{10F38AA0-F686-4093-B7AF-BCF5EDDAA324}.AppStore|iPhone.Build.0 = Release|Any CPU
		{10F38AA0-F686-4093-B7AF-BCF5EDDAA324}.AppStore|iPhoneSimulator.ActiveCfg = Release|Any CPU
		{10F38AA0-F686-4093-B7AF-BCF5EDDAA324}.AppStore|iPhoneSimulator.Build.0 = Release|Any CPU
		{10F38AA0-F686-4093-B7AF-BCF5EDDAA324}.Debug|Any CPU.ActiveCfg = Debug|Any CPU
		{10F38AA0-F686-4093-B7AF-BCF5EDDAA324}.Debug|Any CPU.Build.0 = Debug|Any CPU
		{10F38AA0-F686-4093-B7AF-BCF5EDDAA324}.Debug|iPhone.ActiveCfg = Debug|Any CPU
		{10F38AA0-F686-4093-B7AF-BCF5EDDAA324}.Debug|iPhone.Build.0 = Debug|Any CPU
		{10F38AA0-F686-4093-B7AF-BCF5EDDAA324}.Debug|iPhoneSimulator.ActiveCfg = Debug|Any CPU
		{10F38AA0-F686-4093-B7AF-BCF5EDDAA324}.Debug|iPhoneSimulator.Build.0 = Debug|Any CPU
		{10F38AA0-F686-4093-B7AF-BCF5EDDAA324}.Release|Any CPU.ActiveCfg = Release|Any CPU
		{10F38AA0-F686-4093-B7AF-BCF5EDDAA324}.Release|Any CPU.Build.0 = Release|Any CPU
		{10F38AA0-F686-4093-B7AF-BCF5EDDAA324}.Release|iPhone.ActiveCfg = Release|Any CPU
		{10F38AA0-F686-4093-B7AF-BCF5EDDAA324}.Release|iPhone.Build.0 = Release|Any CPU
		{10F38AA0-F686-4093-B7AF-BCF5EDDAA324}.Release|iPhoneSimulator.ActiveCfg = Release|Any CPU
		{10F38AA0-F686-4093-B7AF-BCF5EDDAA324}.Release|iPhoneSimulator.Build.0 = Release|Any CPU
		{7C3C29E5-1B80-404D-8405-EFCCBB233D31}.Ad-Hoc|Any CPU.ActiveCfg = Debug|Any CPU
		{7C3C29E5-1B80-404D-8405-EFCCBB233D31}.Ad-Hoc|Any CPU.Build.0 = Debug|Any CPU
		{7C3C29E5-1B80-404D-8405-EFCCBB233D31}.Ad-Hoc|iPhone.ActiveCfg = Debug|Any CPU
		{7C3C29E5-1B80-404D-8405-EFCCBB233D31}.Ad-Hoc|iPhone.Build.0 = Debug|Any CPU
		{7C3C29E5-1B80-404D-8405-EFCCBB233D31}.Ad-Hoc|iPhoneSimulator.ActiveCfg = Debug|Any CPU
		{7C3C29E5-1B80-404D-8405-EFCCBB233D31}.Ad-Hoc|iPhoneSimulator.Build.0 = Debug|Any CPU
		{7C3C29E5-1B80-404D-8405-EFCCBB233D31}.AppStore|Any CPU.ActiveCfg = Debug|Any CPU
		{7C3C29E5-1B80-404D-8405-EFCCBB233D31}.AppStore|Any CPU.Build.0 = Debug|Any CPU
		{7C3C29E5-1B80-404D-8405-EFCCBB233D31}.AppStore|iPhone.ActiveCfg = Debug|Any CPU
		{7C3C29E5-1B80-404D-8405-EFCCBB233D31}.AppStore|iPhone.Build.0 = Debug|Any CPU
		{7C3C29E5-1B80-404D-8405-EFCCBB233D31}.AppStore|iPhoneSimulator.ActiveCfg = Debug|Any CPU
		{7C3C29E5-1B80-404D-8405-EFCCBB233D31}.AppStore|iPhoneSimulator.Build.0 = Debug|Any CPU
		{7C3C29E5-1B80-404D-8405-EFCCBB233D31}.Debug|Any CPU.ActiveCfg = Debug|Any CPU
		{7C3C29E5-1B80-404D-8405-EFCCBB233D31}.Debug|Any CPU.Build.0 = Debug|Any CPU
		{7C3C29E5-1B80-404D-8405-EFCCBB233D31}.Debug|iPhone.ActiveCfg = Debug|Any CPU
		{7C3C29E5-1B80-404D-8405-EFCCBB233D31}.Debug|iPhone.Build.0 = Debug|Any CPU
		{7C3C29E5-1B80-404D-8405-EFCCBB233D31}.Debug|iPhoneSimulator.ActiveCfg = Debug|Any CPU
		{7C3C29E5-1B80-404D-8405-EFCCBB233D31}.Debug|iPhoneSimulator.Build.0 = Debug|Any CPU
		{7C3C29E5-1B80-404D-8405-EFCCBB233D31}.Release|Any CPU.ActiveCfg = Release|Any CPU
		{7C3C29E5-1B80-404D-8405-EFCCBB233D31}.Release|Any CPU.Build.0 = Release|Any CPU
		{7C3C29E5-1B80-404D-8405-EFCCBB233D31}.Release|iPhone.ActiveCfg = Release|Any CPU
		{7C3C29E5-1B80-404D-8405-EFCCBB233D31}.Release|iPhone.Build.0 = Release|Any CPU
		{7C3C29E5-1B80-404D-8405-EFCCBB233D31}.Release|iPhoneSimulator.ActiveCfg = Release|Any CPU
		{7C3C29E5-1B80-404D-8405-EFCCBB233D31}.Release|iPhoneSimulator.Build.0 = Release|Any CPU
		{8D39B195-1196-49F5-9092-B6B3FAE38935}.Ad-Hoc|Any CPU.ActiveCfg = Debug|Any CPU
		{8D39B195-1196-49F5-9092-B6B3FAE38935}.Ad-Hoc|Any CPU.Build.0 = Debug|Any CPU
		{8D39B195-1196-49F5-9092-B6B3FAE38935}.Ad-Hoc|iPhone.ActiveCfg = Debug|Any CPU
		{8D39B195-1196-49F5-9092-B6B3FAE38935}.Ad-Hoc|iPhone.Build.0 = Debug|Any CPU
		{8D39B195-1196-49F5-9092-B6B3FAE38935}.Ad-Hoc|iPhoneSimulator.ActiveCfg = Debug|Any CPU
		{8D39B195-1196-49F5-9092-B6B3FAE38935}.Ad-Hoc|iPhoneSimulator.Build.0 = Debug|Any CPU
		{8D39B195-1196-49F5-9092-B6B3FAE38935}.AppStore|Any CPU.ActiveCfg = Debug|Any CPU
		{8D39B195-1196-49F5-9092-B6B3FAE38935}.AppStore|Any CPU.Build.0 = Debug|Any CPU
		{8D39B195-1196-49F5-9092-B6B3FAE38935}.AppStore|iPhone.ActiveCfg = Debug|Any CPU
		{8D39B195-1196-49F5-9092-B6B3FAE38935}.AppStore|iPhone.Build.0 = Debug|Any CPU
		{8D39B195-1196-49F5-9092-B6B3FAE38935}.AppStore|iPhoneSimulator.ActiveCfg = Debug|Any CPU
		{8D39B195-1196-49F5-9092-B6B3FAE38935}.AppStore|iPhoneSimulator.Build.0 = Debug|Any CPU
		{8D39B195-1196-49F5-9092-B6B3FAE38935}.Debug|Any CPU.ActiveCfg = Debug|Any CPU
		{8D39B195-1196-49F5-9092-B6B3FAE38935}.Debug|Any CPU.Build.0 = Debug|Any CPU
		{8D39B195-1196-49F5-9092-B6B3FAE38935}.Debug|iPhone.ActiveCfg = Debug|Any CPU
		{8D39B195-1196-49F5-9092-B6B3FAE38935}.Debug|iPhone.Build.0 = Debug|Any CPU
		{8D39B195-1196-49F5-9092-B6B3FAE38935}.Debug|iPhoneSimulator.ActiveCfg = Debug|Any CPU
		{8D39B195-1196-49F5-9092-B6B3FAE38935}.Debug|iPhoneSimulator.Build.0 = Debug|Any CPU
		{8D39B195-1196-49F5-9092-B6B3FAE38935}.Release|Any CPU.ActiveCfg = Release|Any CPU
		{8D39B195-1196-49F5-9092-B6B3FAE38935}.Release|Any CPU.Build.0 = Release|Any CPU
		{8D39B195-1196-49F5-9092-B6B3FAE38935}.Release|iPhone.ActiveCfg = Release|Any CPU
		{8D39B195-1196-49F5-9092-B6B3FAE38935}.Release|iPhone.Build.0 = Release|Any CPU
		{8D39B195-1196-49F5-9092-B6B3FAE38935}.Release|iPhoneSimulator.ActiveCfg = Release|Any CPU
		{8D39B195-1196-49F5-9092-B6B3FAE38935}.Release|iPhoneSimulator.Build.0 = Release|Any CPU
		{0ABCFAA0-D7F6-4309-A23D-07F611ADD1DC}.Ad-Hoc|Any CPU.ActiveCfg = Release|Any CPU
		{0ABCFAA0-D7F6-4309-A23D-07F611ADD1DC}.Ad-Hoc|Any CPU.Build.0 = Release|Any CPU
		{0ABCFAA0-D7F6-4309-A23D-07F611ADD1DC}.Ad-Hoc|Any CPU.Deploy.0 = Release|Any CPU
		{0ABCFAA0-D7F6-4309-A23D-07F611ADD1DC}.Ad-Hoc|iPhone.ActiveCfg = Release|Any CPU
		{0ABCFAA0-D7F6-4309-A23D-07F611ADD1DC}.Ad-Hoc|iPhone.Build.0 = Release|Any CPU
		{0ABCFAA0-D7F6-4309-A23D-07F611ADD1DC}.Ad-Hoc|iPhone.Deploy.0 = Release|Any CPU
		{0ABCFAA0-D7F6-4309-A23D-07F611ADD1DC}.Ad-Hoc|iPhoneSimulator.ActiveCfg = Release|Any CPU
		{0ABCFAA0-D7F6-4309-A23D-07F611ADD1DC}.Ad-Hoc|iPhoneSimulator.Build.0 = Release|Any CPU
		{0ABCFAA0-D7F6-4309-A23D-07F611ADD1DC}.Ad-Hoc|iPhoneSimulator.Deploy.0 = Release|Any CPU
		{0ABCFAA0-D7F6-4309-A23D-07F611ADD1DC}.AppStore|Any CPU.ActiveCfg = Release|Any CPU
		{0ABCFAA0-D7F6-4309-A23D-07F611ADD1DC}.AppStore|Any CPU.Build.0 = Release|Any CPU
		{0ABCFAA0-D7F6-4309-A23D-07F611ADD1DC}.AppStore|Any CPU.Deploy.0 = Release|Any CPU
		{0ABCFAA0-D7F6-4309-A23D-07F611ADD1DC}.AppStore|iPhone.ActiveCfg = Release|Any CPU
		{0ABCFAA0-D7F6-4309-A23D-07F611ADD1DC}.AppStore|iPhone.Build.0 = Release|Any CPU
		{0ABCFAA0-D7F6-4309-A23D-07F611ADD1DC}.AppStore|iPhone.Deploy.0 = Release|Any CPU
		{0ABCFAA0-D7F6-4309-A23D-07F611ADD1DC}.AppStore|iPhoneSimulator.ActiveCfg = Release|Any CPU
		{0ABCFAA0-D7F6-4309-A23D-07F611ADD1DC}.AppStore|iPhoneSimulator.Build.0 = Release|Any CPU
		{0ABCFAA0-D7F6-4309-A23D-07F611ADD1DC}.AppStore|iPhoneSimulator.Deploy.0 = Release|Any CPU
		{0ABCFAA0-D7F6-4309-A23D-07F611ADD1DC}.Debug|Any CPU.ActiveCfg = Debug|Any CPU
		{0ABCFAA0-D7F6-4309-A23D-07F611ADD1DC}.Debug|Any CPU.Build.0 = Debug|Any CPU
		{0ABCFAA0-D7F6-4309-A23D-07F611ADD1DC}.Debug|Any CPU.Deploy.0 = Debug|Any CPU
		{0ABCFAA0-D7F6-4309-A23D-07F611ADD1DC}.Debug|iPhone.ActiveCfg = Debug|Any CPU
		{0ABCFAA0-D7F6-4309-A23D-07F611ADD1DC}.Debug|iPhone.Build.0 = Debug|Any CPU
		{0ABCFAA0-D7F6-4309-A23D-07F611ADD1DC}.Debug|iPhone.Deploy.0 = Debug|Any CPU
		{0ABCFAA0-D7F6-4309-A23D-07F611ADD1DC}.Debug|iPhoneSimulator.ActiveCfg = Debug|Any CPU
		{0ABCFAA0-D7F6-4309-A23D-07F611ADD1DC}.Debug|iPhoneSimulator.Build.0 = Debug|Any CPU
		{0ABCFAA0-D7F6-4309-A23D-07F611ADD1DC}.Debug|iPhoneSimulator.Deploy.0 = Debug|Any CPU
		{0ABCFAA0-D7F6-4309-A23D-07F611ADD1DC}.Release|Any CPU.ActiveCfg = Release|Any CPU
		{0ABCFAA0-D7F6-4309-A23D-07F611ADD1DC}.Release|Any CPU.Build.0 = Release|Any CPU
		{0ABCFAA0-D7F6-4309-A23D-07F611ADD1DC}.Release|Any CPU.Deploy.0 = Release|Any CPU
		{0ABCFAA0-D7F6-4309-A23D-07F611ADD1DC}.Release|iPhone.ActiveCfg = Release|Any CPU
		{0ABCFAA0-D7F6-4309-A23D-07F611ADD1DC}.Release|iPhone.Build.0 = Release|Any CPU
		{0ABCFAA0-D7F6-4309-A23D-07F611ADD1DC}.Release|iPhone.Deploy.0 = Release|Any CPU
		{0ABCFAA0-D7F6-4309-A23D-07F611ADD1DC}.Release|iPhoneSimulator.ActiveCfg = Release|Any CPU
		{0ABCFAA0-D7F6-4309-A23D-07F611ADD1DC}.Release|iPhoneSimulator.Build.0 = Release|Any CPU
		{0ABCFAA0-D7F6-4309-A23D-07F611ADD1DC}.Release|iPhoneSimulator.Deploy.0 = Release|Any CPU
	EndGlobalSection
	GlobalSection(SolutionProperties) = preSolution
		HideSolutionNode = FALSE
	EndGlobalSection
	GlobalSection(NestedProjects) = preSolution
		{A1F89B44-C7CE-4070-B336-23697D740685} = {6B87C53C-32D6-4391-8F50-B3C13BCBAFB5}
		{5AE9ED8E-68AD-42D1-9905-3E053DCB5275} = {6B87C53C-32D6-4391-8F50-B3C13BCBAFB5}
		{44A79C6F-33E4-40A9-8839-06F1E48F2909} = {6B87C53C-32D6-4391-8F50-B3C13BCBAFB5}
		{10F38AA0-F686-4093-B7AF-BCF5EDDAA324} = {4089EE47-B941-452B-B506-B431DD8B5AF1}
		{7C3C29E5-1B80-404D-8405-EFCCBB233D31} = {E3A95A74-F982-42B8-A363-75B54EE4B8E1}
		{8D39B195-1196-49F5-9092-B6B3FAE38935} = {4089EE47-B941-452B-B506-B431DD8B5AF1}
		{0ABCFAA0-D7F6-4309-A23D-07F611ADD1DC} = {4089EE47-B941-452B-B506-B431DD8B5AF1}
	EndGlobalSection
	GlobalSection(ExtensibilityGlobals) = postSolution
		SolutionGuid = {15E6693F-D778-4AB8-AF27-1663CC0356AD}
	EndGlobalSection
EndGlobal
